// !$*UTF8*$!
{
	archiveVersion = 1;
	classes = {
	};
	objectVersion = 50;
	objects = {

/* Begin PBXBuildFile section */
		84E1083424498B6100C8AD33 /* AppDelegate.swift in Sources */ = {isa = PBXBuildFile; fileRef = 84E1083324498B6100C8AD33 /* AppDelegate.swift */; };
		84E1083624498B6100C8AD33 /* SceneDelegate.swift in Sources */ = {isa = PBXBuildFile; fileRef = 84E1083524498B6100C8AD33 /* SceneDelegate.swift */; };
		84E1083824498B6100C8AD33 /* ViewController.swift in Sources */ = {isa = PBXBuildFile; fileRef = 84E1083724498B6100C8AD33 /* ViewController.swift */; };
		84E1083B24498B6100C8AD33 /* Main.storyboard in Resources */ = {isa = PBXBuildFile; fileRef = 84E1083924498B6100C8AD33 /* Main.storyboard */; };
		84E1083D24498B6200C8AD33 /* Assets.xcassets in Resources */ = {isa = PBXBuildFile; fileRef = 84E1083C24498B6200C8AD33 /* Assets.xcassets */; };
		84E1084024498B6200C8AD33 /* LaunchScreen.storyboard in Resources */ = {isa = PBXBuildFile; fileRef = 84E1083E24498B6200C8AD33 /* LaunchScreen.storyboard */; };
		84E1084B24498B6300C8AD33 /* sampleTests.swift in Sources */ = {isa = PBXBuildFile; fileRef = 84E1084A24498B6300C8AD33 /* sampleTests.swift */; };
		84E1085624498B6300C8AD33 /* sampleUITests.swift in Sources */ = {isa = PBXBuildFile; fileRef = 84E1085524498B6300C8AD33 /* sampleUITests.swift */; };
/* End PBXBuildFile section */

/* Begin PBXContainerItemProxy section */
		84E1084724498B6300C8AD33 /* PBXContainerItemProxy */ = {
			isa = PBXContainerItemProxy;
			containerPortal = 84E1082824498B6100C8AD33 /* Project object */;
			proxyType = 1;
			remoteGlobalIDString = 84E1082F24498B6100C8AD33;
			remoteInfo = sample;
		};
		84E1085224498B6300C8AD33 /* PBXContainerItemProxy */ = {
			isa = PBXContainerItemProxy;
			containerPortal = 84E1082824498B6100C8AD33 /* Project object */;
			proxyType = 1;
			remoteGlobalIDString = 84E1082F24498B6100C8AD33;
			remoteInfo = sample;
		};
/* End PBXContainerItemProxy section */

/* Begin PBXFileReference section */
		84E1083024498B6100C8AD33 /* sample.app */ = {isa = PBXFileReference; explicitFileType = wrapper.application; includeInIndex = 0; path = sample.app; sourceTree = BUILT_PRODUCTS_DIR; };
		84E1083324498B6100C8AD33 /* AppDelegate.swift */ = {isa = PBXFileReference; lastKnownFileType = sourcecode.swift; path = AppDelegate.swift; sourceTree = "<group>"; };
		84E1083524498B6100C8AD33 /* SceneDelegate.swift */ = {isa = PBXFileReference; lastKnownFileType = sourcecode.swift; path = SceneDelegate.swift; sourceTree = "<group>"; };
		84E1083724498B6100C8AD33 /* ViewController.swift */ = {isa = PBXFileReference; lastKnownFileType = sourcecode.swift; path = ViewController.swift; sourceTree = "<group>"; };
		84E1083A24498B6100C8AD33 /* Base */ = {isa = PBXFileReference; lastKnownFileType = file.storyboard; name = Base; path = Base.lproj/Main.storyboard; sourceTree = "<group>"; };
		84E1083C24498B6200C8AD33 /* Assets.xcassets */ = {isa = PBXFileReference; lastKnownFileType = folder.assetcatalog; path = Assets.xcassets; sourceTree = "<group>"; };
		84E1083F24498B6200C8AD33 /* Base */ = {isa = PBXFileReference; lastKnownFileType = file.storyboard; name = Base; path = Base.lproj/LaunchScreen.storyboard; sourceTree = "<group>"; };
		84E1084124498B6200C8AD33 /* Info.plist */ = {isa = PBXFileReference; lastKnownFileType = text.plist.xml; path = Info.plist; sourceTree = "<group>"; };
		84E1084624498B6300C8AD33 /* sampleTests.xctest */ = {isa = PBXFileReference; explicitFileType = wrapper.cfbundle; includeInIndex = 0; path = sampleTests.xctest; sourceTree = BUILT_PRODUCTS_DIR; };
		84E1084A24498B6300C8AD33 /* sampleTests.swift */ = {isa = PBXFileReference; lastKnownFileType = sourcecode.swift; path = sampleTests.swift; sourceTree = "<group>"; };
		84E1084C24498B6300C8AD33 /* Info.plist */ = {isa = PBXFileReference; lastKnownFileType = text.plist.xml; path = Info.plist; sourceTree = "<group>"; };
		84E1085124498B6300C8AD33 /* sampleUITests.xctest */ = {isa = PBXFileReference; explicitFileType = wrapper.cfbundle; includeInIndex = 0; path = sampleUITests.xctest; sourceTree = BUILT_PRODUCTS_DIR; };
		84E1085524498B6300C8AD33 /* sampleUITests.swift */ = {isa = PBXFileReference; lastKnownFileType = sourcecode.swift; path = sampleUITests.swift; sourceTree = "<group>"; };
		84E1085724498B6300C8AD33 /* Info.plist */ = {isa = PBXFileReference; lastKnownFileType = text.plist.xml; path = Info.plist; sourceTree = "<group>"; };
/* End PBXFileReference section */

/* Begin PBXFrameworksBuildPhase section */
		84E1082D24498B6100C8AD33 /* Frameworks */ = {
			isa = PBXFrameworksBuildPhase;
			buildActionMask = 2147483647;
			files = (
			);
			runOnlyForDeploymentPostprocessing = 0;
		};
		84E1084324498B6300C8AD33 /* Frameworks */ = {
			isa = PBXFrameworksBuildPhase;
			buildActionMask = 2147483647;
			files = (
			);
			runOnlyForDeploymentPostprocessing = 0;
		};
		84E1084E24498B6300C8AD33 /* Frameworks */ = {
			isa = PBXFrameworksBuildPhase;
			buildActionMask = 2147483647;
			files = (
			);
			runOnlyForDeploymentPostprocessing = 0;
		};
/* End PBXFrameworksBuildPhase section */

/* Begin PBXGroup section */
		84E1082724498B6100C8AD33 = {
			isa = PBXGroup;
			children = (
				84E1083224498B6100C8AD33 /* sample */,
				84E1084924498B6300C8AD33 /* sampleTests */,
				84E1085424498B6300C8AD33 /* sampleUITests */,
				84E1083124498B6100C8AD33 /* Products */,
			);
			sourceTree = "<group>";
		};
		84E1083124498B6100C8AD33 /* Products */ = {
			isa = PBXGroup;
			children = (
				84E1083024498B6100C8AD33 /* sample.app */,
				84E1084624498B6300C8AD33 /* sampleTests.xctest */,
				84E1085124498B6300C8AD33 /* sampleUITests.xctest */,
			);
			name = Products;
			sourceTree = "<group>";
		};
		84E1083224498B6100C8AD33 /* sample */ = {
			isa = PBXGroup;
			children = (
				84E1083324498B6100C8AD33 /* AppDelegate.swift */,
				84E1083524498B6100C8AD33 /* SceneDelegate.swift */,
				84E1083724498B6100C8AD33 /* ViewController.swift */,
				84E1083924498B6100C8AD33 /* Main.storyboard */,
				84E1083C24498B6200C8AD33 /* Assets.xcassets */,
				84E1083E24498B6200C8AD33 /* LaunchScreen.storyboard */,
				84E1084124498B6200C8AD33 /* Info.plist */,
			);
			path = sample;
			sourceTree = "<group>";
		};
		84E1084924498B6300C8AD33 /* sampleTests */ = {
			isa = PBXGroup;
			children = (
				84E1084A24498B6300C8AD33 /* sampleTests.swift */,
				84E1084C24498B6300C8AD33 /* Info.plist */,
			);
			path = sampleTests;
			sourceTree = "<group>";
		};
		84E1085424498B6300C8AD33 /* sampleUITests */ = {
			isa = PBXGroup;
			children = (
				84E1085524498B6300C8AD33 /* sampleUITests.swift */,
				84E1085724498B6300C8AD33 /* Info.plist */,
			);
			path = sampleUITests;
			sourceTree = "<group>";
		};
/* End PBXGroup section */

/* Begin PBXNativeTarget section */
		84E1082F24498B6100C8AD33 /* sample */ = {
			isa = PBXNativeTarget;
			buildConfigurationList = 84E1085A24498B6300C8AD33 /* Build configuration list for PBXNativeTarget "sample" */;
			buildPhases = (
				84E1082C24498B6100C8AD33 /* Sources */,
				84E1082D24498B6100C8AD33 /* Frameworks */,
				84E1082E24498B6100C8AD33 /* Resources */,
			);
			buildRules = (
			);
			dependencies = (
			);
			name = sample;
			productName = sample;
			productReference = 84E1083024498B6100C8AD33 /* sample.app */;
			productType = "com.apple.product-type.application";
		};
		84E1084524498B6300C8AD33 /* sampleTests */ = {
			isa = PBXNativeTarget;
			buildConfigurationList = 84E1085D24498B6300C8AD33 /* Build configuration list for PBXNativeTarget "sampleTests" */;
			buildPhases = (
				84E1084224498B6300C8AD33 /* Sources */,
				84E1084324498B6300C8AD33 /* Frameworks */,
				84E1084424498B6300C8AD33 /* Resources */,
			);
			buildRules = (
			);
			dependencies = (
				84E1084824498B6300C8AD33 /* PBXTargetDependency */,
			);
			name = sampleTests;
			productName = sampleTests;
			productReference = 84E1084624498B6300C8AD33 /* sampleTests.xctest */;
			productType = "com.apple.product-type.bundle.unit-test";
		};
		84E1085024498B6300C8AD33 /* sampleUITests */ = {
			isa = PBXNativeTarget;
			buildConfigurationList = 84E1086024498B6300C8AD33 /* Build configuration list for PBXNativeTarget "sampleUITests" */;
			buildPhases = (
				84E1084D24498B6300C8AD33 /* Sources */,
				84E1084E24498B6300C8AD33 /* Frameworks */,
				84E1084F24498B6300C8AD33 /* Resources */,
			);
			buildRules = (
			);
			dependencies = (
				84E1085324498B6300C8AD33 /* PBXTargetDependency */,
			);
			name = sampleUITests;
			productName = sampleUITests;
			productReference = 84E1085124498B6300C8AD33 /* sampleUITests.xctest */;
			productType = "com.apple.product-type.bundle.ui-testing";
		};
/* End PBXNativeTarget section */

/* Begin PBXProject section */
		84E1082824498B6100C8AD33 /* Project object */ = {
			isa = PBXProject;
			attributes = {
				LastSwiftUpdateCheck = 1130;
				LastUpgradeCheck = 1130;
				ORGANIZATIONNAME = sachiko;
				TargetAttributes = {
					84E1082F24498B6100C8AD33 = {
						CreatedOnToolsVersion = 11.3;
					};
					84E1084524498B6300C8AD33 = {
						CreatedOnToolsVersion = 11.3;
						TestTargetID = 84E1082F24498B6100C8AD33;
					};
					84E1085024498B6300C8AD33 = {
						CreatedOnToolsVersion = 11.3;
						TestTargetID = 84E1082F24498B6100C8AD33;
					};
				};
			};
			buildConfigurationList = 84E1082B24498B6100C8AD33 /* Build configuration list for PBXProject "sample" */;
			compatibilityVersion = "Xcode 9.3";
			developmentRegion = en;
			hasScannedForEncodings = 0;
			knownRegions = (
				en,
				Base,
			);
			mainGroup = 84E1082724498B6100C8AD33;
			productRefGroup = 84E1083124498B6100C8AD33 /* Products */;
			projectDirPath = "";
			projectRoot = "";
			targets = (
				84E1082F24498B6100C8AD33 /* sample */,
				84E1084524498B6300C8AD33 /* sampleTests */,
				84E1085024498B6300C8AD33 /* sampleUITests */,
			);
		};
/* End PBXProject section */

/* Begin PBXResourcesBuildPhase section */
		84E1082E24498B6100C8AD33 /* Resources */ = {
			isa = PBXResourcesBuildPhase;
			buildActionMask = 2147483647;
			files = (
				84E1084024498B6200C8AD33 /* LaunchScreen.storyboard in Resources */,
				84E1083D24498B6200C8AD33 /* Assets.xcassets in Resources */,
				84E1083B24498B6100C8AD33 /* Main.storyboard in Resources */,
			);
			runOnlyForDeploymentPostprocessing = 0;
		};
		84E1084424498B6300C8AD33 /* Resources */ = {
			isa = PBXResourcesBuildPhase;
			buildActionMask = 2147483647;
			files = (
			);
			runOnlyForDeploymentPostprocessing = 0;
		};
		84E1084F24498B6300C8AD33 /* Resources */ = {
			isa = PBXResourcesBuildPhase;
			buildActionMask = 2147483647;
			files = (
			);
			runOnlyForDeploymentPostprocessing = 0;
		};
/* End PBXResourcesBuildPhase section */

/* Begin PBXSourcesBuildPhase section */
		84E1082C24498B6100C8AD33 /* Sources */ = {
			isa = PBXSourcesBuildPhase;
			buildActionMask = 2147483647;
			files = (
				84E1083824498B6100C8AD33 /* ViewController.swift in Sources */,
				84E1083424498B6100C8AD33 /* AppDelegate.swift in Sources */,
				84E1083624498B6100C8AD33 /* SceneDelegate.swift in Sources */,
			);
			runOnlyForDeploymentPostprocessing = 0;
		};
		84E1084224498B6300C8AD33 /* Sources */ = {
			isa = PBXSourcesBuildPhase;
			buildActionMask = 2147483647;
			files = (
				84E1084B24498B6300C8AD33 /* sampleTests.swift in Sources */,
			);
			runOnlyForDeploymentPostprocessing = 0;
		};
		84E1084D24498B6300C8AD33 /* Sources */ = {
			isa = PBXSourcesBuildPhase;
			buildActionMask = 2147483647;
			files = (
				84E1085624498B6300C8AD33 /* sampleUITests.swift in Sources */,
			);
			runOnlyForDeploymentPostprocessing = 0;
		};
/* End PBXSourcesBuildPhase section */

/* Begin PBXTargetDependency section */
		84E1084824498B6300C8AD33 /* PBXTargetDependency */ = {
			isa = PBXTargetDependency;
			target = 84E1082F24498B6100C8AD33 /* sample */;
			targetProxy = 84E1084724498B6300C8AD33 /* PBXContainerItemProxy */;
		};
		84E1085324498B6300C8AD33 /* PBXTargetDependency */ = {
			isa = PBXTargetDependency;
			target = 84E1082F24498B6100C8AD33 /* sample */;
			targetProxy = 84E1085224498B6300C8AD33 /* PBXContainerItemProxy */;
		};
/* End PBXTargetDependency section */

/* Begin PBXVariantGroup section */
		84E1083924498B6100C8AD33 /* Main.storyboard */ = {
			isa = PBXVariantGroup;
			children = (
				84E1083A24498B6100C8AD33 /* Base */,
			);
			name = Main.storyboard;
			sourceTree = "<group>";
		};
		84E1083E24498B6200C8AD33 /* LaunchScreen.storyboard */ = {
			isa = PBXVariantGroup;
			children = (
				84E1083F24498B6200C8AD33 /* Base */,
			);
			name = LaunchScreen.storyboard;
			sourceTree = "<group>";
		};
/* End PBXVariantGroup section */

/* Begin XCBuildConfiguration section */
		84E1085824498B6300C8AD33 /* Debug */ = {
			isa = XCBuildConfiguration;
			buildSettings = {
				ALWAYS_SEARCH_USER_PATHS = NO;
				CLANG_ANALYZER_NONNULL = YES;
				CLANG_ANALYZER_NUMBER_OBJECT_CONVERSION = YES_AGGRESSIVE;
				CLANG_CXX_LANGUAGE_STANDARD = "gnu++14";
				CLANG_CXX_LIBRARY = "libc++";
				CLANG_ENABLE_MODULES = YES;
				CLANG_ENABLE_OBJC_ARC = YES;
				CLANG_ENABLE_OBJC_WEAK = YES;
				CLANG_WARN_BLOCK_CAPTURE_AUTORELEASING = YES;
				CLANG_WARN_BOOL_CONVERSION = YES;
				CLANG_WARN_COMMA = YES;
				CLANG_WARN_CONSTANT_CONVERSION = YES;
				CLANG_WARN_DEPRECATED_OBJC_IMPLEMENTATIONS = YES;
				CLANG_WARN_DIRECT_OBJC_ISA_USAGE = YES_ERROR;
				CLANG_WARN_DOCUMENTATION_COMMENTS = YES;
				CLANG_WARN_EMPTY_BODY = YES;
				CLANG_WARN_ENUM_CONVERSION = YES;
				CLANG_WARN_INFINITE_RECURSION = YES;
				CLANG_WARN_INT_CONVERSION = YES;
				CLANG_WARN_NON_LITERAL_NULL_CONVERSION = YES;
				CLANG_WARN_OBJC_IMPLICIT_RETAIN_SELF = YES;
				CLANG_WARN_OBJC_LITERAL_CONVERSION = YES;
				CLANG_WARN_OBJC_ROOT_CLASS = YES_ERROR;
				CLANG_WARN_RANGE_LOOP_ANALYSIS = YES;
				CLANG_WARN_STRICT_PROTOTYPES = YES;
				CLANG_WARN_SUSPICIOUS_MOVE = YES;
				CLANG_WARN_UNGUARDED_AVAILABILITY = YES_AGGRESSIVE;
				CLANG_WARN_UNREACHABLE_CODE = YES;
				CLANG_WARN__DUPLICATE_METHOD_MATCH = YES;
				COPY_PHASE_STRIP = NO;
				DEBUG_INFORMATION_FORMAT = dwarf;
				ENABLE_STRICT_OBJC_MSGSEND = YES;
				ENABLE_TESTABILITY = YES;
				GCC_C_LANGUAGE_STANDARD = gnu11;
				GCC_DYNAMIC_NO_PIC = NO;
				GCC_NO_COMMON_BLOCKS = YES;
				GCC_OPTIMIZATION_LEVEL = 0;
				GCC_PREPROCESSOR_DEFINITIONS = (
					"DEBUG=1",
					"$(inherited)",
				);
				GCC_WARN_64_TO_32_BIT_CONVERSION = YES;
				GCC_WARN_ABOUT_RETURN_TYPE = YES_ERROR;
				GCC_WARN_UNDECLARED_SELECTOR = YES;
				GCC_WARN_UNINITIALIZED_AUTOS = YES_AGGRESSIVE;
				GCC_WARN_UNUSED_FUNCTION = YES;
				GCC_WARN_UNUSED_VARIABLE = YES;
				IPHONEOS_DEPLOYMENT_TARGET = 13.2;
				MTL_ENABLE_DEBUG_INFO = INCLUDE_SOURCE;
				MTL_FAST_MATH = YES;
				ONLY_ACTIVE_ARCH = YES;
				SDKROOT = iphoneos;
				SWIFT_ACTIVE_COMPILATION_CONDITIONS = DEBUG;
				SWIFT_OPTIMIZATION_LEVEL = "-Onone";
			};
			name = Debug;
		};
		84E1085924498B6300C8AD33 /* Release */ = {
			isa = XCBuildConfiguration;
			buildSettings = {
				ALWAYS_SEARCH_USER_PATHS = NO;
				CLANG_ANALYZER_NONNULL = YES;
				CLANG_ANALYZER_NUMBER_OBJECT_CONVERSION = YES_AGGRESSIVE;
				CLANG_CXX_LANGUAGE_STANDARD = "gnu++14";
				CLANG_CXX_LIBRARY = "libc++";
				CLANG_ENABLE_MODULES = YES;
				CLANG_ENABLE_OBJC_ARC = YES;
				CLANG_ENABLE_OBJC_WEAK = YES;
				CLANG_WARN_BLOCK_CAPTURE_AUTORELEASING = YES;
				CLANG_WARN_BOOL_CONVERSION = YES;
				CLANG_WARN_COMMA = YES;
				CLANG_WARN_CONSTANT_CONVERSION = YES;
				CLANG_WARN_DEPRECATED_OBJC_IMPLEMENTATIONS = YES;
				CLANG_WARN_DIRECT_OBJC_ISA_USAGE = YES_ERROR;
				CLANG_WARN_DOCUMENTATION_COMMENTS = YES;
				CLANG_WARN_EMPTY_BODY = YES;
				CLANG_WARN_ENUM_CONVERSION = YES;
				CLANG_WARN_INFINITE_RECURSION = YES;
				CLANG_WARN_INT_CONVERSION = YES;
				CLANG_WARN_NON_LITERAL_NULL_CONVERSION = YES;
				CLANG_WARN_OBJC_IMPLICIT_RETAIN_SELF = YES;
				CLANG_WARN_OBJC_LITERAL_CONVERSION = YES;
				CLANG_WARN_OBJC_ROOT_CLASS = YES_ERROR;
				CLANG_WARN_RANGE_LOOP_ANALYSIS = YES;
				CLANG_WARN_STRICT_PROTOTYPES = YES;
				CLANG_WARN_SUSPICIOUS_MOVE = YES;
				CLANG_WARN_UNGUARDED_AVAILABILITY = YES_AGGRESSIVE;
				CLANG_WARN_UNREACHABLE_CODE = YES;
				CLANG_WARN__DUPLICATE_METHOD_MATCH = YES;
				COPY_PHASE_STRIP = NO;
				DEBUG_INFORMATION_FORMAT = "dwarf-with-dsym";
				ENABLE_NS_ASSERTIONS = NO;
				ENABLE_STRICT_OBJC_MSGSEND = YES;
				GCC_C_LANGUAGE_STANDARD = gnu11;
				GCC_NO_COMMON_BLOCKS = YES;
				GCC_WARN_64_TO_32_BIT_CONVERSION = YES;
				GCC_WARN_ABOUT_RETURN_TYPE = YES_ERROR;
				GCC_WARN_UNDECLARED_SELECTOR = YES;
				GCC_WARN_UNINITIALIZED_AUTOS = YES_AGGRESSIVE;
				GCC_WARN_UNUSED_FUNCTION = YES;
				GCC_WARN_UNUSED_VARIABLE = YES;
				IPHONEOS_DEPLOYMENT_TARGET = 13.2;
				MTL_ENABLE_DEBUG_INFO = NO;
				MTL_FAST_MATH = YES;
				SDKROOT = iphoneos;
				SWIFT_COMPILATION_MODE = wholemodule;
				SWIFT_OPTIMIZATION_LEVEL = "-O";
				VALIDATE_PRODUCT = YES;
			};
			name = Release;
		};
		84E1085B24498B6300C8AD33 /* Debug */ = {
			isa = XCBuildConfiguration;
			buildSettings = {
				ASSETCATALOG_COMPILER_APPICON_NAME = AppIcon;
				CODE_SIGN_STYLE = Automatic;
				INFOPLIST_FILE = sample/Info.plist;
				LD_RUNPATH_SEARCH_PATHS = (
					"$(inherited)",
					"@executable_path/Frameworks",
				);
				PRODUCT_BUNDLE_IDENTIFIER = com.sachiko.sample;
				PRODUCT_NAME = "$(TARGET_NAME)";
				SWIFT_VERSION = 5.0;
				TARGETED_DEVICE_FAMILY = "1,2";
			};
			name = Debug;
		};
		84E1085C24498B6300C8AD33 /* Release */ = {
			isa = XCBuildConfiguration;
			buildSettings = {
				ASSETCATALOG_COMPILER_APPICON_NAME = AppIcon;
				CODE_SIGN_STYLE = Automatic;
				INFOPLIST_FILE = sample/Info.plist;
				LD_RUNPATH_SEARCH_PATHS = (
					"$(inherited)",
					"@executable_path/Frameworks",
				);
				PRODUCT_BUNDLE_IDENTIFIER = com.sachiko.sample;
				PRODUCT_NAME = "$(TARGET_NAME)";
				SWIFT_VERSION = 5.0;
				TARGETED_DEVICE_FAMILY = "1,2";
			};
			name = Release;
		};
		84E1085E24498B6300C8AD33 /* Debug */ = {
			isa = XCBuildConfiguration;
			buildSettings = {
				ALWAYS_EMBED_SWIFT_STANDARD_LIBRARIES = YES;
				BUNDLE_LOADER = "$(TEST_HOST)";
				CODE_SIGN_STYLE = Automatic;
				INFOPLIST_FILE = sampleTests/Info.plist;
				IPHONEOS_DEPLOYMENT_TARGET = 13.2;
				LD_RUNPATH_SEARCH_PATHS = (
					"$(inherited)",
					"@executable_path/Frameworks",
					"@loader_path/Frameworks",
				);
				PRODUCT_BUNDLE_IDENTIFIER = com.sachiko.sampleTests;
				PRODUCT_NAME = "$(TARGET_NAME)";
				SWIFT_VERSION = 5.0;
				TARGETED_DEVICE_FAMILY = "1,2";
				TEST_HOST = "$(BUILT_PRODUCTS_DIR)/sample.app/sample";
			};
			name = Debug;
		};
		84E1085F24498B6300C8AD33 /* Release */ = {
			isa = XCBuildConfiguration;
			buildSettings = {
				ALWAYS_EMBED_SWIFT_STANDARD_LIBRARIES = YES;
				BUNDLE_LOADER = "$(TEST_HOST)";
				CODE_SIGN_STYLE = Automatic;
				INFOPLIST_FILE = sampleTests/Info.plist;
				IPHONEOS_DEPLOYMENT_TARGET = 13.2;
				LD_RUNPATH_SEARCH_PATHS = (
					"$(inherited)",
					"@executable_path/Frameworks",
					"@loader_path/Frameworks",
				);
				PRODUCT_BUNDLE_IDENTIFIER = com.sachiko.sampleTests;
				PRODUCT_NAME = "$(TARGET_NAME)";
				SWIFT_VERSION = 5.0;
				TARGETED_DEVICE_FAMILY = "1,2";
				TEST_HOST = "$(BUILT_PRODUCTS_DIR)/sample.app/sample";
			};
			name = Release;
		};
		84E1086124498B6300C8AD33 /* Debug */ = {
			isa = XCBuildConfiguration;
			buildSettings = {
				ALWAYS_EMBED_SWIFT_STANDARD_LIBRARIES = YES;
				CODE_SIGN_STYLE = Automatic;
				INFOPLIST_FILE = sampleUITests/Info.plist;
				LD_RUNPATH_SEARCH_PATHS = (
					"$(inherited)",
					"@executable_path/Frameworks",
					"@loader_path/Frameworks",
				);
				PRODUCT_BUNDLE_IDENTIFIER = com.sachiko.sampleUITests;
				PRODUCT_NAME = "$(TARGET_NAME)";
				SWIFT_VERSION = 5.0;
				TARGETED_DEVICE_FAMILY = "1,2";
				TEST_TARGET_NAME = sample;
			};
			name = Debug;
		};
		84E1086224498B6300C8AD33 /* Release */ = {
			isa = XCBuildConfiguration;
			buildSettings = {
				ALWAYS_EMBED_SWIFT_STANDARD_LIBRARIES = YES;
				CODE_SIGN_STYLE = Automatic;
				INFOPLIST_FILE = sampleUITests/Info.plist;
				LD_RUNPATH_SEARCH_PATHS = (
					"$(inherited)",
					"@executable_path/Frameworks",
					"@loader_path/Frameworks",
				);
				PRODUCT_BUNDLE_IDENTIFIER = com.sachiko.sampleUITests;
				PRODUCT_NAME = "$(TARGET_NAME)";
				SWIFT_VERSION = 5.0;
				TARGETED_DEVICE_FAMILY = "1,2";
				TEST_TARGET_NAME = sample;
			};
			name = Release;
		};
/* End XCBuildConfiguration section */

/* Begin XCConfigurationList section */
		84E1082B24498B6100C8AD33 /* Build configuration list for PBXProject "sample" */ = {
			isa = XCConfigurationList;
			buildConfigurations = (
				84E1085824498B6300C8AD33 /* Debug */,
				84E1085924498B6300C8AD33 /* Release */,
			);
			defaultConfigurationIsVisible = 0;
			defaultConfigurationName = Release;
		};
		84E1085A24498B6300C8AD33 /* Build configuration list for PBXNativeTarget "sample" */ = {
			isa = XCConfigurationList;
			buildConfigurations = (
				84E1085B24498B6300C8AD33 /* Debug */,
				84E1085C24498B6300C8AD33 /* Release */,
			);
			defaultConfigurationIsVisible = 0;
			defaultConfigurationName = Release;
		};
		84E1085D24498B6300C8AD33 /* Build configuration list for PBXNativeTarget "sampleTests" */ = {
			isa = XCConfigurationList;
			buildConfigurations = (
				84E1085E24498B6300C8AD33 /* Debug */,
				84E1085F24498B6300C8AD33 /* Release */,
			);
			defaultConfigurationIsVisible = 0;
			defaultConfigurationName = Release;
		};
		84E1086024498B6300C8AD33 /* Build configuration list for PBXNativeTarget "sampleUITests" */ = {
			isa = XCConfigurationList;
			buildConfigurations = (
				84E1086124498B6300C8AD33 /* Debug */,
				84E1086224498B6300C8AD33 /* Release */,
			);
			defaultConfigurationIsVisible = 0;
			defaultConfigurationName = Release;
		};
/* End XCConfigurationList section */
	};
	rootObject = 84E1082824498B6100C8AD33 /* Project object */;
}
