// !$*UTF8*$!
{
	archiveVersion = 1;
	classes = {
	};
	objectVersion = 51;
	objects = {

/* Begin PBXBuildFile section */
		445216B55D2DC17196D3641E /* Pods_sample.framework in Frameworks */ = {isa = PBXBuildFile; fileRef = 3A6E4349C2D43C1C1F3F5C5B /* Pods_sample.framework */; };
		84E1075224444C3B00C8AD33 /* AppDelegate.swift in Sources */ = {isa = PBXBuildFile; fileRef = 84E1075124444C3B00C8AD33 /* AppDelegate.swift */; };
		84E1075424444C3B00C8AD33 /* SceneDelegate.swift in Sources */ = {isa = PBXBuildFile; fileRef = 84E1075324444C3B00C8AD33 /* SceneDelegate.swift */; };
		84E1075624444C3B00C8AD33 /* ViewController.swift in Sources */ = {isa = PBXBuildFile; fileRef = 84E1075524444C3B00C8AD33 /* ViewController.swift */; };
		84E1075924444C3B00C8AD33 /* Main.storyboard in Resources */ = {isa = PBXBuildFile; fileRef = 84E1075724444C3B00C8AD33 /* Main.storyboard */; };
		84E1075B24444C3C00C8AD33 /* Assets.xcassets in Resources */ = {isa = PBXBuildFile; fileRef = 84E1075A24444C3C00C8AD33 /* Assets.xcassets */; };
		84E1075E24444C3C00C8AD33 /* LaunchScreen.storyboard in Resources */ = {isa = PBXBuildFile; fileRef = 84E1075C24444C3C00C8AD33 /* LaunchScreen.storyboard */; };
		84E1076924444C3C00C8AD33 /* sampleTests.swift in Sources */ = {isa = PBXBuildFile; fileRef = 84E1076824444C3C00C8AD33 /* sampleTests.swift */; };
		84E1077424444C3C00C8AD33 /* sampleUITests.swift in Sources */ = {isa = PBXBuildFile; fileRef = 84E1077324444C3C00C8AD33 /* sampleUITests.swift */; };
		84E1078224444CA100C8AD33 /* View.swift in Sources */ = {isa = PBXBuildFile; fileRef = 84E1078124444CA100C8AD33 /* View.swift */; };
		84E1078424444CAF00C8AD33 /* Model.swift in Sources */ = {isa = PBXBuildFile; fileRef = 84E1078324444CAF00C8AD33 /* Model.swift */; };
		84E1078B2444503800C8AD33 /* TableViewCell.swift in Sources */ = {isa = PBXBuildFile; fileRef = 84E107892444503800C8AD33 /* TableViewCell.swift */; };
		84E1078C2444503800C8AD33 /* TableViewCell.xib in Resources */ = {isa = PBXBuildFile; fileRef = 84E1078A2444503800C8AD33 /* TableViewCell.xib */; };
		84E1078E2444560C00C8AD33 /* UITableViewExtension.swift in Sources */ = {isa = PBXBuildFile; fileRef = 84E1078D2444560C00C8AD33 /* UITableViewExtension.swift */; };
		84E107902444562C00C8AD33 /* NSObjectExtension.swift in Sources */ = {isa = PBXBuildFile; fileRef = 84E1078F2444562C00C8AD33 /* NSObjectExtension.swift */; };
		84E1079224445BDB00C8AD33 /* BaseRequest.swift in Sources */ = {isa = PBXBuildFile; fileRef = 84E1079124445BDB00C8AD33 /* BaseRequest.swift */; };
		84E1079524445C4D00C8AD33 /* QiitaListRequest.swift in Sources */ = {isa = PBXBuildFile; fileRef = 84E1079424445C4D00C8AD33 /* QiitaListRequest.swift */; };
		84E1079724446DAC00C8AD33 /* UIColorExtension.swift in Sources */ = {isa = PBXBuildFile; fileRef = 84E1079624446DAC00C8AD33 /* UIColorExtension.swift */; };
		BBC606542D7E24EEBD3ACE70 /* Pods_sample_sampleUITests.framework in Frameworks */ = {isa = PBXBuildFile; fileRef = F22E744C07D1F1E41E90F599 /* Pods_sample_sampleUITests.framework */; };
		E02F8EBCE9CCD3BC944E0070 /* Pods_sampleTests.framework in Frameworks */ = {isa = PBXBuildFile; fileRef = 1B732ED01EEB6ABE4C45472D /* Pods_sampleTests.framework */; };
/* End PBXBuildFile section */

/* Begin PBXContainerItemProxy section */
		84E1076524444C3C00C8AD33 /* PBXContainerItemProxy */ = {
			isa = PBXContainerItemProxy;
			containerPortal = 84E1074624444C3B00C8AD33 /* Project object */;
			proxyType = 1;
			remoteGlobalIDString = 84E1074D24444C3B00C8AD33;
			remoteInfo = sample;
		};
		84E1077024444C3C00C8AD33 /* PBXContainerItemProxy */ = {
			isa = PBXContainerItemProxy;
			containerPortal = 84E1074624444C3B00C8AD33 /* Project object */;
			proxyType = 1;
			remoteGlobalIDString = 84E1074D24444C3B00C8AD33;
			remoteInfo = sample;
		};
/* End PBXContainerItemProxy section */

/* Begin PBXFileReference section */
		0E856F943E2F51A1167603B3 /* Pods-sampleTests.release.xcconfig */ = {isa = PBXFileReference; includeInIndex = 1; lastKnownFileType = text.xcconfig; name = "Pods-sampleTests.release.xcconfig"; path = "Target Support Files/Pods-sampleTests/Pods-sampleTests.release.xcconfig"; sourceTree = "<group>"; };
		1B732ED01EEB6ABE4C45472D /* Pods_sampleTests.framework */ = {isa = PBXFileReference; explicitFileType = wrapper.framework; includeInIndex = 0; path = Pods_sampleTests.framework; sourceTree = BUILT_PRODUCTS_DIR; };
		3A6E4349C2D43C1C1F3F5C5B /* Pods_sample.framework */ = {isa = PBXFileReference; explicitFileType = wrapper.framework; includeInIndex = 0; path = Pods_sample.framework; sourceTree = BUILT_PRODUCTS_DIR; };
		64E0E81327469DDBB956E61B /* Pods-sample.debug.xcconfig */ = {isa = PBXFileReference; includeInIndex = 1; lastKnownFileType = text.xcconfig; name = "Pods-sample.debug.xcconfig"; path = "Target Support Files/Pods-sample/Pods-sample.debug.xcconfig"; sourceTree = "<group>"; };
		84E1074E24444C3B00C8AD33 /* sample.app */ = {isa = PBXFileReference; explicitFileType = wrapper.application; includeInIndex = 0; path = sample.app; sourceTree = BUILT_PRODUCTS_DIR; };
		84E1075124444C3B00C8AD33 /* AppDelegate.swift */ = {isa = PBXFileReference; lastKnownFileType = sourcecode.swift; path = AppDelegate.swift; sourceTree = "<group>"; };
		84E1075324444C3B00C8AD33 /* SceneDelegate.swift */ = {isa = PBXFileReference; lastKnownFileType = sourcecode.swift; path = SceneDelegate.swift; sourceTree = "<group>"; };
		84E1075524444C3B00C8AD33 /* ViewController.swift */ = {isa = PBXFileReference; lastKnownFileType = sourcecode.swift; path = ViewController.swift; sourceTree = "<group>"; };
		84E1075824444C3B00C8AD33 /* Base */ = {isa = PBXFileReference; lastKnownFileType = file.storyboard; name = Base; path = Base.lproj/Main.storyboard; sourceTree = "<group>"; };
		84E1075A24444C3C00C8AD33 /* Assets.xcassets */ = {isa = PBXFileReference; lastKnownFileType = folder.assetcatalog; path = Assets.xcassets; sourceTree = "<group>"; };
		84E1075D24444C3C00C8AD33 /* Base */ = {isa = PBXFileReference; lastKnownFileType = file.storyboard; name = Base; path = Base.lproj/LaunchScreen.storyboard; sourceTree = "<group>"; };
		84E1075F24444C3C00C8AD33 /* Info.plist */ = {isa = PBXFileReference; lastKnownFileType = text.plist.xml; path = Info.plist; sourceTree = "<group>"; };
		84E1076424444C3C00C8AD33 /* sampleTests.xctest */ = {isa = PBXFileReference; explicitFileType = wrapper.cfbundle; includeInIndex = 0; path = sampleTests.xctest; sourceTree = BUILT_PRODUCTS_DIR; };
		84E1076824444C3C00C8AD33 /* sampleTests.swift */ = {isa = PBXFileReference; lastKnownFileType = sourcecode.swift; path = sampleTests.swift; sourceTree = "<group>"; };
		84E1076A24444C3C00C8AD33 /* Info.plist */ = {isa = PBXFileReference; lastKnownFileType = text.plist.xml; path = Info.plist; sourceTree = "<group>"; };
		84E1076F24444C3C00C8AD33 /* sampleUITests.xctest */ = {isa = PBXFileReference; explicitFileType = wrapper.cfbundle; includeInIndex = 0; path = sampleUITests.xctest; sourceTree = BUILT_PRODUCTS_DIR; };
		84E1077324444C3C00C8AD33 /* sampleUITests.swift */ = {isa = PBXFileReference; lastKnownFileType = sourcecode.swift; path = sampleUITests.swift; sourceTree = "<group>"; };
		84E1077524444C3C00C8AD33 /* Info.plist */ = {isa = PBXFileReference; lastKnownFileType = text.plist.xml; path = Info.plist; sourceTree = "<group>"; };
		84E1078124444CA100C8AD33 /* View.swift */ = {isa = PBXFileReference; lastKnownFileType = sourcecode.swift; path = View.swift; sourceTree = "<group>"; };
		84E1078324444CAF00C8AD33 /* Model.swift */ = {isa = PBXFileReference; lastKnownFileType = sourcecode.swift; path = Model.swift; sourceTree = "<group>"; };
		84E107892444503800C8AD33 /* TableViewCell.swift */ = {isa = PBXFileReference; lastKnownFileType = sourcecode.swift; path = TableViewCell.swift; sourceTree = "<group>"; };
		84E1078A2444503800C8AD33 /* TableViewCell.xib */ = {isa = PBXFileReference; lastKnownFileType = file.xib; path = TableViewCell.xib; sourceTree = "<group>"; };
		84E1078D2444560C00C8AD33 /* UITableViewExtension.swift */ = {isa = PBXFileReference; lastKnownFileType = sourcecode.swift; path = UITableViewExtension.swift; sourceTree = "<group>"; };
		84E1078F2444562C00C8AD33 /* NSObjectExtension.swift */ = {isa = PBXFileReference; lastKnownFileType = sourcecode.swift; path = NSObjectExtension.swift; sourceTree = "<group>"; };
		84E1079124445BDB00C8AD33 /* BaseRequest.swift */ = {isa = PBXFileReference; lastKnownFileType = sourcecode.swift; path = BaseRequest.swift; sourceTree = "<group>"; };
		84E1079424445C4D00C8AD33 /* QiitaListRequest.swift */ = {isa = PBXFileReference; lastKnownFileType = sourcecode.swift; path = QiitaListRequest.swift; sourceTree = "<group>"; };
		84E1079624446DAC00C8AD33 /* UIColorExtension.swift */ = {isa = PBXFileReference; lastKnownFileType = sourcecode.swift; path = UIColorExtension.swift; sourceTree = "<group>"; };
		B1ADC13267E571A2F7B97C5A /* Pods-sampleTests.debug.xcconfig */ = {isa = PBXFileReference; includeInIndex = 1; lastKnownFileType = text.xcconfig; name = "Pods-sampleTests.debug.xcconfig"; path = "Target Support Files/Pods-sampleTests/Pods-sampleTests.debug.xcconfig"; sourceTree = "<group>"; };
		B69438B77700F14858E72D3E /* Pods-sample-sampleUITests.release.xcconfig */ = {isa = PBXFileReference; includeInIndex = 1; lastKnownFileType = text.xcconfig; name = "Pods-sample-sampleUITests.release.xcconfig"; path = "Target Support Files/Pods-sample-sampleUITests/Pods-sample-sampleUITests.release.xcconfig"; sourceTree = "<group>"; };
		CCDC91699C614CA24FDED5E2 /* Pods-sample-sampleUITests.debug.xcconfig */ = {isa = PBXFileReference; includeInIndex = 1; lastKnownFileType = text.xcconfig; name = "Pods-sample-sampleUITests.debug.xcconfig"; path = "Target Support Files/Pods-sample-sampleUITests/Pods-sample-sampleUITests.debug.xcconfig"; sourceTree = "<group>"; };
		DB362C43887853A00EA040EB /* Pods-sample.release.xcconfig */ = {isa = PBXFileReference; includeInIndex = 1; lastKnownFileType = text.xcconfig; name = "Pods-sample.release.xcconfig"; path = "Target Support Files/Pods-sample/Pods-sample.release.xcconfig"; sourceTree = "<group>"; };
		F22E744C07D1F1E41E90F599 /* Pods_sample_sampleUITests.framework */ = {isa = PBXFileReference; explicitFileType = wrapper.framework; includeInIndex = 0; path = Pods_sample_sampleUITests.framework; sourceTree = BUILT_PRODUCTS_DIR; };
/* End PBXFileReference section */

/* Begin PBXFrameworksBuildPhase section */
		84E1074B24444C3B00C8AD33 /* Frameworks */ = {
			isa = PBXFrameworksBuildPhase;
			buildActionMask = 2147483647;
			files = (
				445216B55D2DC17196D3641E /* Pods_sample.framework in Frameworks */,
			);
			runOnlyForDeploymentPostprocessing = 0;
		};
		84E1076124444C3C00C8AD33 /* Frameworks */ = {
			isa = PBXFrameworksBuildPhase;
			buildActionMask = 2147483647;
			files = (
				E02F8EBCE9CCD3BC944E0070 /* Pods_sampleTests.framework in Frameworks */,
			);
			runOnlyForDeploymentPostprocessing = 0;
		};
		84E1076C24444C3C00C8AD33 /* Frameworks */ = {
			isa = PBXFrameworksBuildPhase;
			buildActionMask = 2147483647;
			files = (
				BBC606542D7E24EEBD3ACE70 /* Pods_sample_sampleUITests.framework in Frameworks */,
			);
			runOnlyForDeploymentPostprocessing = 0;
		};
/* End PBXFrameworksBuildPhase section */

/* Begin PBXGroup section */
		3DCB5E5F49F360E1B3AB53B6 /* Pods */ = {
			isa = PBXGroup;
			children = (
				64E0E81327469DDBB956E61B /* Pods-sample.debug.xcconfig */,
				DB362C43887853A00EA040EB /* Pods-sample.release.xcconfig */,
				CCDC91699C614CA24FDED5E2 /* Pods-sample-sampleUITests.debug.xcconfig */,
				B69438B77700F14858E72D3E /* Pods-sample-sampleUITests.release.xcconfig */,
				B1ADC13267E571A2F7B97C5A /* Pods-sampleTests.debug.xcconfig */,
				0E856F943E2F51A1167603B3 /* Pods-sampleTests.release.xcconfig */,
			);
			path = Pods;
			sourceTree = "<group>";
		};
		422E373E2124436FA7E15BE7 /* Frameworks */ = {
			isa = PBXGroup;
			children = (
				3A6E4349C2D43C1C1F3F5C5B /* Pods_sample.framework */,
				F22E744C07D1F1E41E90F599 /* Pods_sample_sampleUITests.framework */,
				1B732ED01EEB6ABE4C45472D /* Pods_sampleTests.framework */,
			);
			name = Frameworks;
			sourceTree = "<group>";
		};
		84E1074524444C3B00C8AD33 = {
			isa = PBXGroup;
			children = (
				84E1075024444C3B00C8AD33 /* sample */,
				84E1076724444C3C00C8AD33 /* sampleTests */,
				84E1077224444C3C00C8AD33 /* sampleUITests */,
				84E1074F24444C3B00C8AD33 /* Products */,
				3DCB5E5F49F360E1B3AB53B6 /* Pods */,
				422E373E2124436FA7E15BE7 /* Frameworks */,
			);
			sourceTree = "<group>";
		};
		84E1074F24444C3B00C8AD33 /* Products */ = {
			isa = PBXGroup;
			children = (
				84E1074E24444C3B00C8AD33 /* sample.app */,
				84E1076424444C3C00C8AD33 /* sampleTests.xctest */,
				84E1076F24444C3C00C8AD33 /* sampleUITests.xctest */,
			);
			name = Products;
			sourceTree = "<group>";
		};
		84E1075024444C3B00C8AD33 /* sample */ = {
			isa = PBXGroup;
			children = (
				84E1075124444C3B00C8AD33 /* AppDelegate.swift */,
				84E1075324444C3B00C8AD33 /* SceneDelegate.swift */,
				84E1075524444C3B00C8AD33 /* ViewController.swift */,
				84E1078124444CA100C8AD33 /* View.swift */,
				84E1078324444CAF00C8AD33 /* Model.swift */,
				84E1078724444F7200C8AD33 /* Parts */,
				84E1078624444F6300C8AD33 /* Api */,
				84E1078524444F5800C8AD33 /* Extension */,
				84E1075724444C3B00C8AD33 /* Main.storyboard */,
				84E1075A24444C3C00C8AD33 /* Assets.xcassets */,
				84E1075C24444C3C00C8AD33 /* LaunchScreen.storyboard */,
				84E1075F24444C3C00C8AD33 /* Info.plist */,
			);
			path = sample;
			sourceTree = "<group>";
		};
		84E1076724444C3C00C8AD33 /* sampleTests */ = {
			isa = PBXGroup;
			children = (
				84E1076824444C3C00C8AD33 /* sampleTests.swift */,
				84E1076A24444C3C00C8AD33 /* Info.plist */,
			);
			path = sampleTests;
			sourceTree = "<group>";
		};
		84E1077224444C3C00C8AD33 /* sampleUITests */ = {
			isa = PBXGroup;
			children = (
				84E1077324444C3C00C8AD33 /* sampleUITests.swift */,
				84E1077524444C3C00C8AD33 /* Info.plist */,
			);
			path = sampleUITests;
			sourceTree = "<group>";
		};
		84E1078524444F5800C8AD33 /* Extension */ = {
			isa = PBXGroup;
			children = (
				84E1078D2444560C00C8AD33 /* UITableViewExtension.swift */,
				84E1078F2444562C00C8AD33 /* NSObjectExtension.swift */,
				84E1079624446DAC00C8AD33 /* UIColorExtension.swift */,
			);
			path = Extension;
			sourceTree = "<group>";
		};
		84E1078624444F6300C8AD33 /* Api */ = {
			isa = PBXGroup;
			children = (
				84E1079124445BDB00C8AD33 /* BaseRequest.swift */,
				84E1079324445C2900C8AD33 /* Request */,
			);
			path = Api;
			sourceTree = "<group>";
		};
		84E1078724444F7200C8AD33 /* Parts */ = {
			isa = PBXGroup;
			children = (
				84E107882444502300C8AD33 /* Cell */,
			);
			path = Parts;
			sourceTree = "<group>";
		};
		84E107882444502300C8AD33 /* Cell */ = {
			isa = PBXGroup;
			children = (
				84E107892444503800C8AD33 /* TableViewCell.swift */,
				84E1078A2444503800C8AD33 /* TableViewCell.xib */,
			);
			path = Cell;
			sourceTree = "<group>";
		};
		84E1079324445C2900C8AD33 /* Request */ = {
			isa = PBXGroup;
			children = (
				84E1079424445C4D00C8AD33 /* QiitaListRequest.swift */,
			);
			path = Request;
			sourceTree = "<group>";
		};
/* End PBXGroup section */

/* Begin PBXNativeTarget section */
		84E1074D24444C3B00C8AD33 /* sample */ = {
			isa = PBXNativeTarget;
			buildConfigurationList = 84E1077824444C3C00C8AD33 /* Build configuration list for PBXNativeTarget "sample" */;
			buildPhases = (
				3660D7D8834593610E625F57 /* [CP] Check Pods Manifest.lock */,
				84E1074A24444C3B00C8AD33 /* Sources */,
				84E1074B24444C3B00C8AD33 /* Frameworks */,
				84E1074C24444C3B00C8AD33 /* Resources */,
				C65E96EC7DD4ECBEC1F5A0B1 /* [CP] Embed Pods Frameworks */,
			);
			buildRules = (
			);
			dependencies = (
			);
			name = sample;
			productName = sample;
			productReference = 84E1074E24444C3B00C8AD33 /* sample.app */;
			productType = "com.apple.product-type.application";
		};
		84E1076324444C3C00C8AD33 /* sampleTests */ = {
			isa = PBXNativeTarget;
			buildConfigurationList = 84E1077B24444C3C00C8AD33 /* Build configuration list for PBXNativeTarget "sampleTests" */;
			buildPhases = (
				D45255E65262CA9D458A0884 /* [CP] Check Pods Manifest.lock */,
				84E1076024444C3C00C8AD33 /* Sources */,
				84E1076124444C3C00C8AD33 /* Frameworks */,
				84E1076224444C3C00C8AD33 /* Resources */,
			);
			buildRules = (
			);
			dependencies = (
				84E1076624444C3C00C8AD33 /* PBXTargetDependency */,
			);
			name = sampleTests;
			productName = sampleTests;
			productReference = 84E1076424444C3C00C8AD33 /* sampleTests.xctest */;
			productType = "com.apple.product-type.bundle.unit-test";
		};
		84E1076E24444C3C00C8AD33 /* sampleUITests */ = {
			isa = PBXNativeTarget;
			buildConfigurationList = 84E1077E24444C3C00C8AD33 /* Build configuration list for PBXNativeTarget "sampleUITests" */;
			buildPhases = (
				C372394DEDDC190061B7B2C8 /* [CP] Check Pods Manifest.lock */,
				84E1076B24444C3C00C8AD33 /* Sources */,
				84E1076C24444C3C00C8AD33 /* Frameworks */,
				84E1076D24444C3C00C8AD33 /* Resources */,
				A63CB80DAA902BDF4A1F11DB /* [CP] Embed Pods Frameworks */,
			);
			buildRules = (
			);
			dependencies = (
				84E1077124444C3C00C8AD33 /* PBXTargetDependency */,
			);
			name = sampleUITests;
			productName = sampleUITests;
			productReference = 84E1076F24444C3C00C8AD33 /* sampleUITests.xctest */;
			productType = "com.apple.product-type.bundle.ui-testing";
		};
/* End PBXNativeTarget section */

/* Begin PBXProject section */
		84E1074624444C3B00C8AD33 /* Project object */ = {
			isa = PBXProject;
			attributes = {
				LastSwiftUpdateCheck = 1130;
				LastUpgradeCheck = 1130;
				ORGANIZATIONNAME = sachiko;
				TargetAttributes = {
					84E1074D24444C3B00C8AD33 = {
						CreatedOnToolsVersion = 11.3;
					};
					84E1076324444C3C00C8AD33 = {
						CreatedOnToolsVersion = 11.3;
						TestTargetID = 84E1074D24444C3B00C8AD33;
					};
					84E1076E24444C3C00C8AD33 = {
						CreatedOnToolsVersion = 11.3;
						TestTargetID = 84E1074D24444C3B00C8AD33;
					};
				};
			};
			buildConfigurationList = 84E1074924444C3B00C8AD33 /* Build configuration list for PBXProject "sample" */;
			compatibilityVersion = "Xcode 9.3";
			developmentRegion = en;
			hasScannedForEncodings = 0;
			knownRegions = (
				en,
				Base,
			);
			mainGroup = 84E1074524444C3B00C8AD33;
			productRefGroup = 84E1074F24444C3B00C8AD33 /* Products */;
			projectDirPath = "";
			projectRoot = "";
			targets = (
				84E1074D24444C3B00C8AD33 /* sample */,
				84E1076324444C3C00C8AD33 /* sampleTests */,
				84E1076E24444C3C00C8AD33 /* sampleUITests */,
			);
		};
/* End PBXProject section */

/* Begin PBXResourcesBuildPhase section */
		84E1074C24444C3B00C8AD33 /* Resources */ = {
			isa = PBXResourcesBuildPhase;
			buildActionMask = 2147483647;
			files = (
				84E1075E24444C3C00C8AD33 /* LaunchScreen.storyboard in Resources */,
				84E1078C2444503800C8AD33 /* TableViewCell.xib in Resources */,
				84E1075B24444C3C00C8AD33 /* Assets.xcassets in Resources */,
				84E1075924444C3B00C8AD33 /* Main.storyboard in Resources */,
			);
			runOnlyForDeploymentPostprocessing = 0;
		};
		84E1076224444C3C00C8AD33 /* Resources */ = {
			isa = PBXResourcesBuildPhase;
			buildActionMask = 2147483647;
			files = (
			);
			runOnlyForDeploymentPostprocessing = 0;
		};
		84E1076D24444C3C00C8AD33 /* Resources */ = {
			isa = PBXResourcesBuildPhase;
			buildActionMask = 2147483647;
			files = (
			);
			runOnlyForDeploymentPostprocessing = 0;
		};
/* End PBXResourcesBuildPhase section */

/* Begin PBXShellScriptBuildPhase section */
		3660D7D8834593610E625F57 /* [CP] Check Pods Manifest.lock */ = {
			isa = PBXShellScriptBuildPhase;
			buildActionMask = 2147483647;
			files = (
			);
			inputFileListPaths = (
			);
			inputPaths = (
				"${PODS_PODFILE_DIR_PATH}/Podfile.lock",
				"${PODS_ROOT}/Manifest.lock",
			);
			name = "[CP] Check Pods Manifest.lock";
			outputFileListPaths = (
			);
			outputPaths = (
				"$(DERIVED_FILE_DIR)/Pods-sample-checkManifestLockResult.txt",
			);
			runOnlyForDeploymentPostprocessing = 0;
			shellPath = /bin/sh;
			shellScript = "diff \"${PODS_PODFILE_DIR_PATH}/Podfile.lock\" \"${PODS_ROOT}/Manifest.lock\" > /dev/null\nif [ $? != 0 ] ; then\n    # print error to STDERR\n    echo \"error: The sandbox is not in sync with the Podfile.lock. Run 'pod install' or update your CocoaPods installation.\" >&2\n    exit 1\nfi\n# This output is used by Xcode 'outputs' to avoid re-running this script phase.\necho \"SUCCESS\" > \"${SCRIPT_OUTPUT_FILE_0}\"\n";
			showEnvVarsInLog = 0;
		};
		A63CB80DAA902BDF4A1F11DB /* [CP] Embed Pods Frameworks */ = {
			isa = PBXShellScriptBuildPhase;
			buildActionMask = 2147483647;
			files = (
			);
			inputFileListPaths = (
				"${PODS_ROOT}/Target Support Files/Pods-sample-sampleUITests/Pods-sample-sampleUITests-frameworks-${CONFIGURATION}-input-files.xcfilelist",
			);
			name = "[CP] Embed Pods Frameworks";
			outputFileListPaths = (
				"${PODS_ROOT}/Target Support Files/Pods-sample-sampleUITests/Pods-sample-sampleUITests-frameworks-${CONFIGURATION}-output-files.xcfilelist",
			);
			runOnlyForDeploymentPostprocessing = 0;
			shellPath = /bin/sh;
			shellScript = "\"${PODS_ROOT}/Target Support Files/Pods-sample-sampleUITests/Pods-sample-sampleUITests-frameworks.sh\"\n";
			showEnvVarsInLog = 0;
		};
		C372394DEDDC190061B7B2C8 /* [CP] Check Pods Manifest.lock */ = {
			isa = PBXShellScriptBuildPhase;
			buildActionMask = 2147483647;
			files = (
			);
			inputFileListPaths = (
			);
			inputPaths = (
				"${PODS_PODFILE_DIR_PATH}/Podfile.lock",
				"${PODS_ROOT}/Manifest.lock",
			);
			name = "[CP] Check Pods Manifest.lock";
			outputFileListPaths = (
			);
			outputPaths = (
				"$(DERIVED_FILE_DIR)/Pods-sample-sampleUITests-checkManifestLockResult.txt",
			);
			runOnlyForDeploymentPostprocessing = 0;
			shellPath = /bin/sh;
			shellScript = "diff \"${PODS_PODFILE_DIR_PATH}/Podfile.lock\" \"${PODS_ROOT}/Manifest.lock\" > /dev/null\nif [ $? != 0 ] ; then\n    # print error to STDERR\n    echo \"error: The sandbox is not in sync with the Podfile.lock. Run 'pod install' or update your CocoaPods installation.\" >&2\n    exit 1\nfi\n# This output is used by Xcode 'outputs' to avoid re-running this script phase.\necho \"SUCCESS\" > \"${SCRIPT_OUTPUT_FILE_0}\"\n";
			showEnvVarsInLog = 0;
		};
		C65E96EC7DD4ECBEC1F5A0B1 /* [CP] Embed Pods Frameworks */ = {
			isa = PBXShellScriptBuildPhase;
			buildActionMask = 2147483647;
			files = (
			);
			inputFileListPaths = (
				"${PODS_ROOT}/Target Support Files/Pods-sample/Pods-sample-frameworks-${CONFIGURATION}-input-files.xcfilelist",
			);
			name = "[CP] Embed Pods Frameworks";
			outputFileListPaths = (
				"${PODS_ROOT}/Target Support Files/Pods-sample/Pods-sample-frameworks-${CONFIGURATION}-output-files.xcfilelist",
			);
			runOnlyForDeploymentPostprocessing = 0;
			shellPath = /bin/sh;
			shellScript = "\"${PODS_ROOT}/Target Support Files/Pods-sample/Pods-sample-frameworks.sh\"\n";
			showEnvVarsInLog = 0;
		};
		D45255E65262CA9D458A0884 /* [CP] Check Pods Manifest.lock */ = {
			isa = PBXShellScriptBuildPhase;
			buildActionMask = 2147483647;
			files = (
			);
			inputFileListPaths = (
			);
			inputPaths = (
				"${PODS_PODFILE_DIR_PATH}/Podfile.lock",
				"${PODS_ROOT}/Manifest.lock",
			);
			name = "[CP] Check Pods Manifest.lock";
			outputFileListPaths = (
			);
			outputPaths = (
				"$(DERIVED_FILE_DIR)/Pods-sampleTests-checkManifestLockResult.txt",
			);
			runOnlyForDeploymentPostprocessing = 0;
			shellPath = /bin/sh;
			shellScript = "diff \"${PODS_PODFILE_DIR_PATH}/Podfile.lock\" \"${PODS_ROOT}/Manifest.lock\" > /dev/null\nif [ $? != 0 ] ; then\n    # print error to STDERR\n    echo \"error: The sandbox is not in sync with the Podfile.lock. Run 'pod install' or update your CocoaPods installation.\" >&2\n    exit 1\nfi\n# This output is used by Xcode 'outputs' to avoid re-running this script phase.\necho \"SUCCESS\" > \"${SCRIPT_OUTPUT_FILE_0}\"\n";
			showEnvVarsInLog = 0;
		};
/* End PBXShellScriptBuildPhase section */

/* Begin PBXSourcesBuildPhase section */
		84E1074A24444C3B00C8AD33 /* Sources */ = {
			isa = PBXSourcesBuildPhase;
			buildActionMask = 2147483647;
			files = (
				84E1078424444CAF00C8AD33 /* Model.swift in Sources */,
				84E1078224444CA100C8AD33 /* View.swift in Sources */,
				84E1075624444C3B00C8AD33 /* ViewController.swift in Sources */,
				84E1078B2444503800C8AD33 /* TableViewCell.swift in Sources */,
				84E1075224444C3B00C8AD33 /* AppDelegate.swift in Sources */,
				84E1075424444C3B00C8AD33 /* SceneDelegate.swift in Sources */,
				84E1078E2444560C00C8AD33 /* UITableViewExtension.swift in Sources */,
				84E107902444562C00C8AD33 /* NSObjectExtension.swift in Sources */,
				84E1079724446DAC00C8AD33 /* UIColorExtension.swift in Sources */,
				84E1079524445C4D00C8AD33 /* QiitaListRequest.swift in Sources */,
				84E1079224445BDB00C8AD33 /* BaseRequest.swift in Sources */,
			);
			runOnlyForDeploymentPostprocessing = 0;
		};
		84E1076024444C3C00C8AD33 /* Sources */ = {
			isa = PBXSourcesBuildPhase;
			buildActionMask = 2147483647;
			files = (
				84E1076924444C3C00C8AD33 /* sampleTests.swift in Sources */,
			);
			runOnlyForDeploymentPostprocessing = 0;
		};
		84E1076B24444C3C00C8AD33 /* Sources */ = {
			isa = PBXSourcesBuildPhase;
			buildActionMask = 2147483647;
			files = (
				84E1077424444C3C00C8AD33 /* sampleUITests.swift in Sources */,
			);
			runOnlyForDeploymentPostprocessing = 0;
		};
/* End PBXSourcesBuildPhase section */

/* Begin PBXTargetDependency section */
		84E1076624444C3C00C8AD33 /* PBXTargetDependency */ = {
			isa = PBXTargetDependency;
			target = 84E1074D24444C3B00C8AD33 /* sample */;
			targetProxy = 84E1076524444C3C00C8AD33 /* PBXContainerItemProxy */;
		};
		84E1077124444C3C00C8AD33 /* PBXTargetDependency */ = {
			isa = PBXTargetDependency;
			target = 84E1074D24444C3B00C8AD33 /* sample */;
			targetProxy = 84E1077024444C3C00C8AD33 /* PBXContainerItemProxy */;
		};
/* End PBXTargetDependency section */

/* Begin PBXVariantGroup section */
		84E1075724444C3B00C8AD33 /* Main.storyboard */ = {
			isa = PBXVariantGroup;
			children = (
				84E1075824444C3B00C8AD33 /* Base */,
			);
			name = Main.storyboard;
			sourceTree = "<group>";
		};
		84E1075C24444C3C00C8AD33 /* LaunchScreen.storyboard */ = {
			isa = PBXVariantGroup;
			children = (
				84E1075D24444C3C00C8AD33 /* Base */,
			);
			name = LaunchScreen.storyboard;
			sourceTree = "<group>";
		};
/* End PBXVariantGroup section */

/* Begin XCBuildConfiguration section */
		84E1077624444C3C00C8AD33 /* Debug */ = {
			isa = XCBuildConfiguration;
			buildSettings = {
				ALWAYS_SEARCH_USER_PATHS = NO;
				CLANG_ANALYZER_NONNULL = YES;
				CLANG_ANALYZER_NUMBER_OBJECT_CONVERSION = YES_AGGRESSIVE;
				CLANG_CXX_LANGUAGE_STANDARD = "gnu++14";
				CLANG_CXX_LIBRARY = "libc++";
				CLANG_ENABLE_MODULES = YES;
				CLANG_ENABLE_OBJC_ARC = YES;
				CLANG_ENABLE_OBJC_WEAK = YES;
				CLANG_WARN_BLOCK_CAPTURE_AUTORELEASING = YES;
				CLANG_WARN_BOOL_CONVERSION = YES;
				CLANG_WARN_COMMA = YES;
				CLANG_WARN_CONSTANT_CONVERSION = YES;
				CLANG_WARN_DEPRECATED_OBJC_IMPLEMENTATIONS = YES;
				CLANG_WARN_DIRECT_OBJC_ISA_USAGE = YES_ERROR;
				CLANG_WARN_DOCUMENTATION_COMMENTS = YES;
				CLANG_WARN_EMPTY_BODY = YES;
				CLANG_WARN_ENUM_CONVERSION = YES;
				CLANG_WARN_INFINITE_RECURSION = YES;
				CLANG_WARN_INT_CONVERSION = YES;
				CLANG_WARN_NON_LITERAL_NULL_CONVERSION = YES;
				CLANG_WARN_OBJC_IMPLICIT_RETAIN_SELF = YES;
				CLANG_WARN_OBJC_LITERAL_CONVERSION = YES;
				CLANG_WARN_OBJC_ROOT_CLASS = YES_ERROR;
				CLANG_WARN_RANGE_LOOP_ANALYSIS = YES;
				CLANG_WARN_STRICT_PROTOTYPES = YES;
				CLANG_WARN_SUSPICIOUS_MOVE = YES;
				CLANG_WARN_UNGUARDED_AVAILABILITY = YES_AGGRESSIVE;
				CLANG_WARN_UNREACHABLE_CODE = YES;
				CLANG_WARN__DUPLICATE_METHOD_MATCH = YES;
				COPY_PHASE_STRIP = NO;
				DEBUG_INFORMATION_FORMAT = dwarf;
				ENABLE_STRICT_OBJC_MSGSEND = YES;
				ENABLE_TESTABILITY = YES;
				GCC_C_LANGUAGE_STANDARD = gnu11;
				GCC_DYNAMIC_NO_PIC = NO;
				GCC_NO_COMMON_BLOCKS = YES;
				GCC_OPTIMIZATION_LEVEL = 0;
				GCC_PREPROCESSOR_DEFINITIONS = (
					"DEBUG=1",
					"$(inherited)",
				);
				GCC_WARN_64_TO_32_BIT_CONVERSION = YES;
				GCC_WARN_ABOUT_RETURN_TYPE = YES_ERROR;
				GCC_WARN_UNDECLARED_SELECTOR = YES;
				GCC_WARN_UNINITIALIZED_AUTOS = YES_AGGRESSIVE;
				GCC_WARN_UNUSED_FUNCTION = YES;
				GCC_WARN_UNUSED_VARIABLE = YES;
				IPHONEOS_DEPLOYMENT_TARGET = 13.2;
				MTL_ENABLE_DEBUG_INFO = INCLUDE_SOURCE;
				MTL_FAST_MATH = YES;
				ONLY_ACTIVE_ARCH = YES;
				SDKROOT = iphoneos;
				SWIFT_ACTIVE_COMPILATION_CONDITIONS = DEBUG;
				SWIFT_OPTIMIZATION_LEVEL = "-Onone";
			};
			name = Debug;
		};
		84E1077724444C3C00C8AD33 /* Release */ = {
			isa = XCBuildConfiguration;
			buildSettings = {
				ALWAYS_SEARCH_USER_PATHS = NO;
				CLANG_ANALYZER_NONNULL = YES;
				CLANG_ANALYZER_NUMBER_OBJECT_CONVERSION = YES_AGGRESSIVE;
				CLANG_CXX_LANGUAGE_STANDARD = "gnu++14";
				CLANG_CXX_LIBRARY = "libc++";
				CLANG_ENABLE_MODULES = YES;
				CLANG_ENABLE_OBJC_ARC = YES;
				CLANG_ENABLE_OBJC_WEAK = YES;
				CLANG_WARN_BLOCK_CAPTURE_AUTORELEASING = YES;
				CLANG_WARN_BOOL_CONVERSION = YES;
				CLANG_WARN_COMMA = YES;
				CLANG_WARN_CONSTANT_CONVERSION = YES;
				CLANG_WARN_DEPRECATED_OBJC_IMPLEMENTATIONS = YES;
				CLANG_WARN_DIRECT_OBJC_ISA_USAGE = YES_ERROR;
				CLANG_WARN_DOCUMENTATION_COMMENTS = YES;
				CLANG_WARN_EMPTY_BODY = YES;
				CLANG_WARN_ENUM_CONVERSION = YES;
				CLANG_WARN_INFINITE_RECURSION = YES;
				CLANG_WARN_INT_CONVERSION = YES;
				CLANG_WARN_NON_LITERAL_NULL_CONVERSION = YES;
				CLANG_WARN_OBJC_IMPLICIT_RETAIN_SELF = YES;
				CLANG_WARN_OBJC_LITERAL_CONVERSION = YES;
				CLANG_WARN_OBJC_ROOT_CLASS = YES_ERROR;
				CLANG_WARN_RANGE_LOOP_ANALYSIS = YES;
				CLANG_WARN_STRICT_PROTOTYPES = YES;
				CLANG_WARN_SUSPICIOUS_MOVE = YES;
				CLANG_WARN_UNGUARDED_AVAILABILITY = YES_AGGRESSIVE;
				CLANG_WARN_UNREACHABLE_CODE = YES;
				CLANG_WARN__DUPLICATE_METHOD_MATCH = YES;
				COPY_PHASE_STRIP = NO;
				DEBUG_INFORMATION_FORMAT = "dwarf-with-dsym";
				ENABLE_NS_ASSERTIONS = NO;
				ENABLE_STRICT_OBJC_MSGSEND = YES;
				GCC_C_LANGUAGE_STANDARD = gnu11;
				GCC_NO_COMMON_BLOCKS = YES;
				GCC_WARN_64_TO_32_BIT_CONVERSION = YES;
				GCC_WARN_ABOUT_RETURN_TYPE = YES_ERROR;
				GCC_WARN_UNDECLARED_SELECTOR = YES;
				GCC_WARN_UNINITIALIZED_AUTOS = YES_AGGRESSIVE;
				GCC_WARN_UNUSED_FUNCTION = YES;
				GCC_WARN_UNUSED_VARIABLE = YES;
				IPHONEOS_DEPLOYMENT_TARGET = 13.2;
				MTL_ENABLE_DEBUG_INFO = NO;
				MTL_FAST_MATH = YES;
				SDKROOT = iphoneos;
				SWIFT_COMPILATION_MODE = wholemodule;
				SWIFT_OPTIMIZATION_LEVEL = "-O";
				VALIDATE_PRODUCT = YES;
			};
			name = Release;
		};
		84E1077924444C3C00C8AD33 /* Debug */ = {
			isa = XCBuildConfiguration;
			baseConfigurationReference = 64E0E81327469DDBB956E61B /* Pods-sample.debug.xcconfig */;
			buildSettings = {
				ASSETCATALOG_COMPILER_APPICON_NAME = AppIcon;
				CODE_SIGN_STYLE = Automatic;
				INFOPLIST_FILE = sample/Info.plist;
				LD_RUNPATH_SEARCH_PATHS = (
					"$(inherited)",
					"@executable_path/Frameworks",
				);
				PRODUCT_BUNDLE_IDENTIFIER = com.sachiko.sample;
				PRODUCT_NAME = "$(TARGET_NAME)";
				SWIFT_VERSION = 5.0;
				TARGETED_DEVICE_FAMILY = "1,2";
			};
			name = Debug;
		};
		84E1077A24444C3C00C8AD33 /* Release */ = {
			isa = XCBuildConfiguration;
			baseConfigurationReference = DB362C43887853A00EA040EB /* Pods-sample.release.xcconfig */;
			buildSettings = {
				ASSETCATALOG_COMPILER_APPICON_NAME = AppIcon;
				CODE_SIGN_STYLE = Automatic;
				INFOPLIST_FILE = sample/Info.plist;
				LD_RUNPATH_SEARCH_PATHS = (
					"$(inherited)",
					"@executable_path/Frameworks",
				);
				PRODUCT_BUNDLE_IDENTIFIER = com.sachiko.sample;
				PRODUCT_NAME = "$(TARGET_NAME)";
				SWIFT_VERSION = 5.0;
				TARGETED_DEVICE_FAMILY = "1,2";
			};
			name = Release;
		};
		84E1077C24444C3C00C8AD33 /* Debug */ = {
			isa = XCBuildConfiguration;
			baseConfigurationReference = B1ADC13267E571A2F7B97C5A /* Pods-sampleTests.debug.xcconfig */;
			buildSettings = {
				ALWAYS_EMBED_SWIFT_STANDARD_LIBRARIES = YES;
				BUNDLE_LOADER = "$(TEST_HOST)";
				CODE_SIGN_STYLE = Automatic;
				INFOPLIST_FILE = sampleTests/Info.plist;
				IPHONEOS_DEPLOYMENT_TARGET = 13.2;
				LD_RUNPATH_SEARCH_PATHS = (
					"$(inherited)",
					"@executable_path/Frameworks",
					"@loader_path/Frameworks",
				);
				PRODUCT_BUNDLE_IDENTIFIER = com.sachiko.sampleTests;
				PRODUCT_NAME = "$(TARGET_NAME)";
				SWIFT_VERSION = 5.0;
				TARGETED_DEVICE_FAMILY = "1,2";
				TEST_HOST = "$(BUILT_PRODUCTS_DIR)/sample.app/sample";
			};
			name = Debug;
		};
		84E1077D24444C3C00C8AD33 /* Release */ = {
			isa = XCBuildConfiguration;
			baseConfigurationReference = 0E856F943E2F51A1167603B3 /* Pods-sampleTests.release.xcconfig */;
			buildSettings = {
				ALWAYS_EMBED_SWIFT_STANDARD_LIBRARIES = YES;
				BUNDLE_LOADER = "$(TEST_HOST)";
				CODE_SIGN_STYLE = Automatic;
				INFOPLIST_FILE = sampleTests/Info.plist;
				IPHONEOS_DEPLOYMENT_TARGET = 13.2;
				LD_RUNPATH_SEARCH_PATHS = (
					"$(inherited)",
					"@executable_path/Frameworks",
					"@loader_path/Frameworks",
				);
				PRODUCT_BUNDLE_IDENTIFIER = com.sachiko.sampleTests;
				PRODUCT_NAME = "$(TARGET_NAME)";
				SWIFT_VERSION = 5.0;
				TARGETED_DEVICE_FAMILY = "1,2";
				TEST_HOST = "$(BUILT_PRODUCTS_DIR)/sample.app/sample";
			};
			name = Release;
		};
		84E1077F24444C3C00C8AD33 /* Debug */ = {
			isa = XCBuildConfiguration;
			baseConfigurationReference = CCDC91699C614CA24FDED5E2 /* Pods-sample-sampleUITests.debug.xcconfig */;
			buildSettings = {
				ALWAYS_EMBED_SWIFT_STANDARD_LIBRARIES = YES;
				CODE_SIGN_STYLE = Automatic;
				INFOPLIST_FILE = sampleUITests/Info.plist;
				LD_RUNPATH_SEARCH_PATHS = (
					"$(inherited)",
					"@executable_path/Frameworks",
					"@loader_path/Frameworks",
				);
				PRODUCT_BUNDLE_IDENTIFIER = com.sachiko.sampleUITests;
				PRODUCT_NAME = "$(TARGET_NAME)";
				SWIFT_VERSION = 5.0;
				TARGETED_DEVICE_FAMILY = "1,2";
				TEST_TARGET_NAME = sample;
			};
			name = Debug;
		};
		84E1078024444C3C00C8AD33 /* Release */ = {
			isa = XCBuildConfiguration;
			baseConfigurationReference = B69438B77700F14858E72D3E /* Pods-sample-sampleUITests.release.xcconfig */;
			buildSettings = {
				ALWAYS_EMBED_SWIFT_STANDARD_LIBRARIES = YES;
				CODE_SIGN_STYLE = Automatic;
				INFOPLIST_FILE = sampleUITests/Info.plist;
				LD_RUNPATH_SEARCH_PATHS = (
					"$(inherited)",
					"@executable_path/Frameworks",
					"@loader_path/Frameworks",
				);
				PRODUCT_BUNDLE_IDENTIFIER = com.sachiko.sampleUITests;
				PRODUCT_NAME = "$(TARGET_NAME)";
				SWIFT_VERSION = 5.0;
				TARGETED_DEVICE_FAMILY = "1,2";
				TEST_TARGET_NAME = sample;
			};
			name = Release;
		};
/* End XCBuildConfiguration section */

/* Begin XCConfigurationList section */
		84E1074924444C3B00C8AD33 /* Build configuration list for PBXProject "sample" */ = {
			isa = XCConfigurationList;
			buildConfigurations = (
				84E1077624444C3C00C8AD33 /* Debug */,
				84E1077724444C3C00C8AD33 /* Release */,
			);
			defaultConfigurationIsVisible = 0;
			defaultConfigurationName = Release;
		};
		84E1077824444C3C00C8AD33 /* Build configuration list for PBXNativeTarget "sample" */ = {
			isa = XCConfigurationList;
			buildConfigurations = (
				84E1077924444C3C00C8AD33 /* Debug */,
				84E1077A24444C3C00C8AD33 /* Release */,
			);
			defaultConfigurationIsVisible = 0;
			defaultConfigurationName = Release;
		};
		84E1077B24444C3C00C8AD33 /* Build configuration list for PBXNativeTarget "sampleTests" */ = {
			isa = XCConfigurationList;
			buildConfigurations = (
				84E1077C24444C3C00C8AD33 /* Debug */,
				84E1077D24444C3C00C8AD33 /* Release */,
			);
			defaultConfigurationIsVisible = 0;
			defaultConfigurationName = Release;
		};
		84E1077E24444C3C00C8AD33 /* Build configuration list for PBXNativeTarget "sampleUITests" */ = {
			isa = XCConfigurationList;
			buildConfigurations = (
				84E1077F24444C3C00C8AD33 /* Debug */,
				84E1078024444C3C00C8AD33 /* Release */,
			);
			defaultConfigurationIsVisible = 0;
			defaultConfigurationName = Release;
		};
/* End XCConfigurationList section */
	};
	rootObject = 84E1074624444C3B00C8AD33 /* Project object */;
}
